// !$*UTF8*$!
{
	archiveVersion = 1;
	classes = {
	};
	objectVersion = 55;
	objects = {

/* Begin PBXBuildFile section */
		048CA6862886E58D009EDBE1 /* GithubUserApp.swift in Sources */ = {isa = PBXBuildFile; fileRef = 048CA6852886E58D009EDBE1 /* GithubUserApp.swift */; };
		048CA6882886E58D009EDBE1 /* ContentView.swift in Sources */ = {isa = PBXBuildFile; fileRef = 048CA6872886E58D009EDBE1 /* ContentView.swift */; };
		048CA68A2886E592009EDBE1 /* Assets.xcassets in Resources */ = {isa = PBXBuildFile; fileRef = 048CA6892886E592009EDBE1 /* Assets.xcassets */; };
		048CA68D2886E592009EDBE1 /* Preview Assets.xcassets in Resources */ = {isa = PBXBuildFile; fileRef = 048CA68C2886E592009EDBE1 /* Preview Assets.xcassets */; };
		048CA6972886E592009EDBE1 /* GithubUserTests.swift in Sources */ = {isa = PBXBuildFile; fileRef = 048CA6962886E592009EDBE1 /* GithubUserTests.swift */; };
		048CA6A12886E592009EDBE1 /* GithubUserUITests.swift in Sources */ = {isa = PBXBuildFile; fileRef = 048CA6A02886E592009EDBE1 /* GithubUserUITests.swift */; };
		048CA6A32886E592009EDBE1 /* GithubUserUITestsLaunchTests.swift in Sources */ = {isa = PBXBuildFile; fileRef = 048CA6A22886E592009EDBE1 /* GithubUserUITestsLaunchTests.swift */; };
/* End PBXBuildFile section */

/* Begin PBXContainerItemProxy section */
		048CA6932886E592009EDBE1 /* PBXContainerItemProxy */ = {
			isa = PBXContainerItemProxy;
			containerPortal = 048CA67A2886E58D009EDBE1 /* Project object */;
			proxyType = 1;
			remoteGlobalIDString = 048CA6812886E58D009EDBE1;
			remoteInfo = GithubUser;
		};
		048CA69D2886E592009EDBE1 /* PBXContainerItemProxy */ = {
			isa = PBXContainerItemProxy;
			containerPortal = 048CA67A2886E58D009EDBE1 /* Project object */;
			proxyType = 1;
			remoteGlobalIDString = 048CA6812886E58D009EDBE1;
			remoteInfo = GithubUser;
		};
/* End PBXContainerItemProxy section */

/* Begin PBXFileReference section */
		048CA6822886E58D009EDBE1 /* GithubUser.app */ = {isa = PBXFileReference; explicitFileType = wrapper.application; includeInIndex = 0; path = GithubUser.app; sourceTree = BUILT_PRODUCTS_DIR; };
		048CA6852886E58D009EDBE1 /* GithubUserApp.swift */ = {isa = PBXFileReference; lastKnownFileType = sourcecode.swift; path = GithubUserApp.swift; sourceTree = "<group>"; };
		048CA6872886E58D009EDBE1 /* ContentView.swift */ = {isa = PBXFileReference; lastKnownFileType = sourcecode.swift; path = ContentView.swift; sourceTree = "<group>"; };
		048CA6892886E592009EDBE1 /* Assets.xcassets */ = {isa = PBXFileReference; lastKnownFileType = folder.assetcatalog; path = Assets.xcassets; sourceTree = "<group>"; };
		048CA68C2886E592009EDBE1 /* Preview Assets.xcassets */ = {isa = PBXFileReference; lastKnownFileType = folder.assetcatalog; path = "Preview Assets.xcassets"; sourceTree = "<group>"; };
		048CA6922886E592009EDBE1 /* GithubUserTests.xctest */ = {isa = PBXFileReference; explicitFileType = wrapper.cfbundle; includeInIndex = 0; path = GithubUserTests.xctest; sourceTree = BUILT_PRODUCTS_DIR; };
		048CA6962886E592009EDBE1 /* GithubUserTests.swift */ = {isa = PBXFileReference; lastKnownFileType = sourcecode.swift; path = GithubUserTests.swift; sourceTree = "<group>"; };
		048CA69C2886E592009EDBE1 /* GithubUserUITests.xctest */ = {isa = PBXFileReference; explicitFileType = wrapper.cfbundle; includeInIndex = 0; path = GithubUserUITests.xctest; sourceTree = BUILT_PRODUCTS_DIR; };
		048CA6A02886E592009EDBE1 /* GithubUserUITests.swift */ = {isa = PBXFileReference; lastKnownFileType = sourcecode.swift; path = GithubUserUITests.swift; sourceTree = "<group>"; };
		048CA6A22886E592009EDBE1 /* GithubUserUITestsLaunchTests.swift */ = {isa = PBXFileReference; lastKnownFileType = sourcecode.swift; path = GithubUserUITestsLaunchTests.swift; sourceTree = "<group>"; };
/* End PBXFileReference section */

/* Begin PBXFrameworksBuildPhase section */
		048CA67F2886E58D009EDBE1 /* Frameworks */ = {
			isa = PBXFrameworksBuildPhase;
			buildActionMask = 2147483647;
			files = (
			);
			runOnlyForDeploymentPostprocessing = 0;
		};
		048CA68F2886E592009EDBE1 /* Frameworks */ = {
			isa = PBXFrameworksBuildPhase;
			buildActionMask = 2147483647;
			files = (
			);
			runOnlyForDeploymentPostprocessing = 0;
		};
		048CA6992886E592009EDBE1 /* Frameworks */ = {
			isa = PBXFrameworksBuildPhase;
			buildActionMask = 2147483647;
			files = (
			);
			runOnlyForDeploymentPostprocessing = 0;
		};
/* End PBXFrameworksBuildPhase section */

/* Begin PBXGroup section */
		048CA6792886E58D009EDBE1 = {
			isa = PBXGroup;
			children = (
				048CA6842886E58D009EDBE1 /* GithubUser */,
				048CA6952886E592009EDBE1 /* GithubUserTests */,
				048CA69F2886E592009EDBE1 /* GithubUserUITests */,
				048CA6832886E58D009EDBE1 /* Products */,
			);
			sourceTree = "<group>";
		};
		048CA6832886E58D009EDBE1 /* Products */ = {
			isa = PBXGroup;
			children = (
				048CA6822886E58D009EDBE1 /* GithubUser.app */,
				048CA6922886E592009EDBE1 /* GithubUserTests.xctest */,
				048CA69C2886E592009EDBE1 /* GithubUserUITests.xctest */,
			);
			name = Products;
			sourceTree = "<group>";
		};
		048CA6842886E58D009EDBE1 /* GithubUser */ = {
			isa = PBXGroup;
			children = (
				048CA6852886E58D009EDBE1 /* GithubUserApp.swift */,
				048CA6872886E58D009EDBE1 /* ContentView.swift */,
				048CA6892886E592009EDBE1 /* Assets.xcassets */,
				048CA68B2886E592009EDBE1 /* Preview Content */,
			);
			path = GithubUser;
			sourceTree = "<group>";
		};
		048CA68B2886E592009EDBE1 /* Preview Content */ = {
			isa = PBXGroup;
			children = (
				048CA68C2886E592009EDBE1 /* Preview Assets.xcassets */,
			);
			path = "Preview Content";
			sourceTree = "<group>";
		};
		048CA6952886E592009EDBE1 /* GithubUserTests */ = {
			isa = PBXGroup;
			children = (
				048CA6962886E592009EDBE1 /* GithubUserTests.swift */,
			);
			path = GithubUserTests;
			sourceTree = "<group>";
		};
		048CA69F2886E592009EDBE1 /* GithubUserUITests */ = {
			isa = PBXGroup;
			children = (
				048CA6A02886E592009EDBE1 /* GithubUserUITests.swift */,
				048CA6A22886E592009EDBE1 /* GithubUserUITestsLaunchTests.swift */,
			);
			path = GithubUserUITests;
			sourceTree = "<group>";
		};
/* End PBXGroup section */

/* Begin PBXNativeTarget section */
		048CA6812886E58D009EDBE1 /* GithubUser */ = {
			isa = PBXNativeTarget;
			buildConfigurationList = 048CA6A62886E592009EDBE1 /* Build configuration list for PBXNativeTarget "GithubUser" */;
			buildPhases = (
				048CA67E2886E58D009EDBE1 /* Sources */,
				048CA67F2886E58D009EDBE1 /* Frameworks */,
				048CA6802886E58D009EDBE1 /* Resources */,
			);
			buildRules = (
			);
			dependencies = (
			);
			name = GithubUser;
			productName = GithubUser;
			productReference = 048CA6822886E58D009EDBE1 /* GithubUser.app */;
			productType = "com.apple.product-type.application";
		};
		048CA6912886E592009EDBE1 /* GithubUserTests */ = {
			isa = PBXNativeTarget;
			buildConfigurationList = 048CA6A92886E592009EDBE1 /* Build configuration list for PBXNativeTarget "GithubUserTests" */;
			buildPhases = (
				048CA68E2886E592009EDBE1 /* Sources */,
				048CA68F2886E592009EDBE1 /* Frameworks */,
				048CA6902886E592009EDBE1 /* Resources */,
			);
			buildRules = (
			);
			dependencies = (
				048CA6942886E592009EDBE1 /* PBXTargetDependency */,
			);
			name = GithubUserTests;
			productName = GithubUserTests;
			productReference = 048CA6922886E592009EDBE1 /* GithubUserTests.xctest */;
			productType = "com.apple.product-type.bundle.unit-test";
		};
		048CA69B2886E592009EDBE1 /* GithubUserUITests */ = {
			isa = PBXNativeTarget;
			buildConfigurationList = 048CA6AC2886E592009EDBE1 /* Build configuration list for PBXNativeTarget "GithubUserUITests" */;
			buildPhases = (
				048CA6982886E592009EDBE1 /* Sources */,
				048CA6992886E592009EDBE1 /* Frameworks */,
				048CA69A2886E592009EDBE1 /* Resources */,
			);
			buildRules = (
			);
			dependencies = (
				048CA69E2886E592009EDBE1 /* PBXTargetDependency */,
			);
			name = GithubUserUITests;
			productName = GithubUserUITests;
			productReference = 048CA69C2886E592009EDBE1 /* GithubUserUITests.xctest */;
			productType = "com.apple.product-type.bundle.ui-testing";
		};
/* End PBXNativeTarget section */

/* Begin PBXProject section */
		048CA67A2886E58D009EDBE1 /* Project object */ = {
			isa = PBXProject;
			attributes = {
				BuildIndependentTargetsInParallel = 1;
				LastSwiftUpdateCheck = 1340;
				LastUpgradeCheck = 1340;
				TargetAttributes = {
					048CA6812886E58D009EDBE1 = {
						CreatedOnToolsVersion = 13.4.1;
					};
					048CA6912886E592009EDBE1 = {
						CreatedOnToolsVersion = 13.4.1;
						TestTargetID = 048CA6812886E58D009EDBE1;
					};
					048CA69B2886E592009EDBE1 = {
						CreatedOnToolsVersion = 13.4.1;
						TestTargetID = 048CA6812886E58D009EDBE1;
					};
				};
			};
			buildConfigurationList = 048CA67D2886E58D009EDBE1 /* Build configuration list for PBXProject "GithubUser" */;
			compatibilityVersion = "Xcode 13.0";
			developmentRegion = en;
			hasScannedForEncodings = 0;
			knownRegions = (
				en,
				Base,
			);
			mainGroup = 048CA6792886E58D009EDBE1;
			productRefGroup = 048CA6832886E58D009EDBE1 /* Products */;
			projectDirPath = "";
			projectRoot = "";
			targets = (
				048CA6812886E58D009EDBE1 /* GithubUser */,
				048CA6912886E592009EDBE1 /* GithubUserTests */,
				048CA69B2886E592009EDBE1 /* GithubUserUITests */,
			);
		};
/* End PBXProject section */

/* Begin PBXResourcesBuildPhase section */
		048CA6802886E58D009EDBE1 /* Resources */ = {
			isa = PBXResourcesBuildPhase;
			buildActionMask = 2147483647;
			files = (
				048CA68D2886E592009EDBE1 /* Preview Assets.xcassets in Resources */,
				048CA68A2886E592009EDBE1 /* Assets.xcassets in Resources */,
			);
			runOnlyForDeploymentPostprocessing = 0;
		};
		048CA6902886E592009EDBE1 /* Resources */ = {
			isa = PBXResourcesBuildPhase;
			buildActionMask = 2147483647;
			files = (
			);
			runOnlyForDeploymentPostprocessing = 0;
		};
		048CA69A2886E592009EDBE1 /* Resources */ = {
			isa = PBXResourcesBuildPhase;
			buildActionMask = 2147483647;
			files = (
			);
			runOnlyForDeploymentPostprocessing = 0;
		};
/* End PBXResourcesBuildPhase section */

/* Begin PBXSourcesBuildPhase section */
		048CA67E2886E58D009EDBE1 /* Sources */ = {
			isa = PBXSourcesBuildPhase;
			buildActionMask = 2147483647;
			files = (
				048CA6882886E58D009EDBE1 /* ContentView.swift in Sources */,
				048CA6862886E58D009EDBE1 /* GithubUserApp.swift in Sources */,
			);
			runOnlyForDeploymentPostprocessing = 0;
		};
		048CA68E2886E592009EDBE1 /* Sources */ = {
			isa = PBXSourcesBuildPhase;
			buildActionMask = 2147483647;
			files = (
				048CA6972886E592009EDBE1 /* GithubUserTests.swift in Sources */,
			);
			runOnlyForDeploymentPostprocessing = 0;
		};
		048CA6982886E592009EDBE1 /* Sources */ = {
			isa = PBXSourcesBuildPhase;
			buildActionMask = 2147483647;
			files = (
				048CA6A32886E592009EDBE1 /* GithubUserUITestsLaunchTests.swift in Sources */,
				048CA6A12886E592009EDBE1 /* GithubUserUITests.swift in Sources */,
			);
			runOnlyForDeploymentPostprocessing = 0;
		};
/* End PBXSourcesBuildPhase section */

/* Begin PBXTargetDependency section */
		048CA6942886E592009EDBE1 /* PBXTargetDependency */ = {
			isa = PBXTargetDependency;
			target = 048CA6812886E58D009EDBE1 /* GithubUser */;
			targetProxy = 048CA6932886E592009EDBE1 /* PBXContainerItemProxy */;
		};
		048CA69E2886E592009EDBE1 /* PBXTargetDependency */ = {
			isa = PBXTargetDependency;
			target = 048CA6812886E58D009EDBE1 /* GithubUser */;
			targetProxy = 048CA69D2886E592009EDBE1 /* PBXContainerItemProxy */;
		};
/* End PBXTargetDependency section */

/* Begin XCBuildConfiguration section */
		048CA6A42886E592009EDBE1 /* Debug */ = {
			isa = XCBuildConfiguration;
			buildSettings = {
				ALWAYS_SEARCH_USER_PATHS = NO;
				CLANG_ANALYZER_NONNULL = YES;
				CLANG_ANALYZER_NUMBER_OBJECT_CONVERSION = YES_AGGRESSIVE;
				CLANG_CXX_LANGUAGE_STANDARD = "gnu++17";
				CLANG_ENABLE_MODULES = YES;
				CLANG_ENABLE_OBJC_ARC = YES;
				CLANG_ENABLE_OBJC_WEAK = YES;
				CLANG_WARN_BLOCK_CAPTURE_AUTORELEASING = YES;
				CLANG_WARN_BOOL_CONVERSION = YES;
				CLANG_WARN_COMMA = YES;
				CLANG_WARN_CONSTANT_CONVERSION = YES;
				CLANG_WARN_DEPRECATED_OBJC_IMPLEMENTATIONS = YES;
				CLANG_WARN_DIRECT_OBJC_ISA_USAGE = YES_ERROR;
				CLANG_WARN_DOCUMENTATION_COMMENTS = YES;
				CLANG_WARN_EMPTY_BODY = YES;
				CLANG_WARN_ENUM_CONVERSION = YES;
				CLANG_WARN_INFINITE_RECURSION = YES;
				CLANG_WARN_INT_CONVERSION = YES;
				CLANG_WARN_NON_LITERAL_NULL_CONVERSION = YES;
				CLANG_WARN_OBJC_IMPLICIT_RETAIN_SELF = YES;
				CLANG_WARN_OBJC_LITERAL_CONVERSION = YES;
				CLANG_WARN_OBJC_ROOT_CLASS = YES_ERROR;
				CLANG_WARN_QUOTED_INCLUDE_IN_FRAMEWORK_HEADER = YES;
				CLANG_WARN_RANGE_LOOP_ANALYSIS = YES;
				CLANG_WARN_STRICT_PROTOTYPES = YES;
				CLANG_WARN_SUSPICIOUS_MOVE = YES;
				CLANG_WARN_UNGUARDED_AVAILABILITY = YES_AGGRESSIVE;
				CLANG_WARN_UNREACHABLE_CODE = YES;
				CLANG_WARN__DUPLICATE_METHOD_MATCH = YES;
				COPY_PHASE_STRIP = NO;
				DEBUG_INFORMATION_FORMAT = dwarf;
				ENABLE_STRICT_OBJC_MSGSEND = YES;
				ENABLE_TESTABILITY = YES;
				GCC_C_LANGUAGE_STANDARD = gnu11;
				GCC_DYNAMIC_NO_PIC = NO;
				GCC_NO_COMMON_BLOCKS = YES;
				GCC_OPTIMIZATION_LEVEL = 0;
				GCC_PREPROCESSOR_DEFINITIONS = (
					"DEBUG=1",
					"$(inherited)",
				);
				GCC_WARN_64_TO_32_BIT_CONVERSION = YES;
				GCC_WARN_ABOUT_RETURN_TYPE = YES_ERROR;
				GCC_WARN_UNDECLARED_SELECTOR = YES;
				GCC_WARN_UNINITIALIZED_AUTOS = YES_AGGRESSIVE;
				GCC_WARN_UNUSED_FUNCTION = YES;
				GCC_WARN_UNUSED_VARIABLE = YES;
				IPHONEOS_DEPLOYMENT_TARGET = 15.5;
				MTL_ENABLE_DEBUG_INFO = INCLUDE_SOURCE;
				MTL_FAST_MATH = YES;
				ONLY_ACTIVE_ARCH = YES;
				SDKROOT = iphoneos;
				SWIFT_ACTIVE_COMPILATION_CONDITIONS = DEBUG;
				SWIFT_OPTIMIZATION_LEVEL = "-Onone";
			};
			name = Debug;
		};
		048CA6A52886E592009EDBE1 /* Release */ = {
			isa = XCBuildConfiguration;
			buildSettings = {
				ALWAYS_SEARCH_USER_PATHS = NO;
				CLANG_ANALYZER_NONNULL = YES;
				CLANG_ANALYZER_NUMBER_OBJECT_CONVERSION = YES_AGGRESSIVE;
				CLANG_CXX_LANGUAGE_STANDARD = "gnu++17";
				CLANG_ENABLE_MODULES = YES;
				CLANG_ENABLE_OBJC_ARC = YES;
				CLANG_ENABLE_OBJC_WEAK = YES;
				CLANG_WARN_BLOCK_CAPTURE_AUTORELEASING = YES;
				CLANG_WARN_BOOL_CONVERSION = YES;
				CLANG_WARN_COMMA = YES;
				CLANG_WARN_CONSTANT_CONVERSION = YES;
				CLANG_WARN_DEPRECATED_OBJC_IMPLEMENTATIONS = YES;
				CLANG_WARN_DIRECT_OBJC_ISA_USAGE = YES_ERROR;
				CLANG_WARN_DOCUMENTATION_COMMENTS = YES;
				CLANG_WARN_EMPTY_BODY = YES;
				CLANG_WARN_ENUM_CONVERSION = YES;
				CLANG_WARN_INFINITE_RECURSION = YES;
				CLANG_WARN_INT_CONVERSION = YES;
				CLANG_WARN_NON_LITERAL_NULL_CONVERSION = YES;
				CLANG_WARN_OBJC_IMPLICIT_RETAIN_SELF = YES;
				CLANG_WARN_OBJC_LITERAL_CONVERSION = YES;
				CLANG_WARN_OBJC_ROOT_CLASS = YES_ERROR;
				CLANG_WARN_QUOTED_INCLUDE_IN_FRAMEWORK_HEADER = YES;
				CLANG_WARN_RANGE_LOOP_ANALYSIS = YES;
				CLANG_WARN_STRICT_PROTOTYPES = YES;
				CLANG_WARN_SUSPICIOUS_MOVE = YES;
				CLANG_WARN_UNGUARDED_AVAILABILITY = YES_AGGRESSIVE;
				CLANG_WARN_UNREACHABLE_CODE = YES;
				CLANG_WARN__DUPLICATE_METHOD_MATCH = YES;
				COPY_PHASE_STRIP = NO;
				DEBUG_INFORMATION_FORMAT = "dwarf-with-dsym";
				ENABLE_NS_ASSERTIONS = NO;
				ENABLE_STRICT_OBJC_MSGSEND = YES;
				GCC_C_LANGUAGE_STANDARD = gnu11;
				GCC_NO_COMMON_BLOCKS = YES;
				GCC_WARN_64_TO_32_BIT_CONVERSION = YES;
				GCC_WARN_ABOUT_RETURN_TYPE = YES_ERROR;
				GCC_WARN_UNDECLARED_SELECTOR = YES;
				GCC_WARN_UNINITIALIZED_AUTOS = YES_AGGRESSIVE;
				GCC_WARN_UNUSED_FUNCTION = YES;
				GCC_WARN_UNUSED_VARIABLE = YES;
				IPHONEOS_DEPLOYMENT_TARGET = 15.5;
				MTL_ENABLE_DEBUG_INFO = NO;
				MTL_FAST_MATH = YES;
				SDKROOT = iphoneos;
				SWIFT_COMPILATION_MODE = wholemodule;
				SWIFT_OPTIMIZATION_LEVEL = "-O";
				VALIDATE_PRODUCT = YES;
			};
			name = Release;
		};
		048CA6A72886E592009EDBE1 /* Debug */ = {
			isa = XCBuildConfiguration;
			buildSettings = {
				ASSETCATALOG_COMPILER_APPICON_NAME = AppIcon;
				ASSETCATALOG_COMPILER_GLOBAL_ACCENT_COLOR_NAME = AccentColor;
				CODE_SIGN_STYLE = Automatic;
				CURRENT_PROJECT_VERSION = 1;
				DEVELOPMENT_ASSET_PATHS = "\"GithubUser/Preview Content\"";
				DEVELOPMENT_TEAM = HALMJPKBVW;
				ENABLE_PREVIEWS = YES;
				GENERATE_INFOPLIST_FILE = YES;
				INFOPLIST_KEY_UIApplicationSceneManifest_Generation = YES;
				INFOPLIST_KEY_UIApplicationSupportsIndirectInputEvents = YES;
				INFOPLIST_KEY_UILaunchScreen_Generation = YES;
				INFOPLIST_KEY_UISupportedInterfaceOrientations_iPad = "UIInterfaceOrientationPortrait UIInterfaceOrientationPortraitUpsideDown UIInterfaceOrientationLandscapeLeft UIInterfaceOrientationLandscapeRight";
				INFOPLIST_KEY_UISupportedInterfaceOrientations_iPhone = "UIInterfaceOrientationPortrait UIInterfaceOrientationLandscapeLeft UIInterfaceOrientationLandscapeRight";
				LD_RUNPATH_SEARCH_PATHS = (
					"$(inherited)",
					"@executable_path/Frameworks",
				);
				MARKETING_VERSION = 1.0;
				PRODUCT_BUNDLE_IDENTIFIER = opentext.GithubUser;
				PRODUCT_NAME = "$(TARGET_NAME)";
				SWIFT_EMIT_LOC_STRINGS = YES;
				SWIFT_VERSION = 5.0;
				TARGETED_DEVICE_FAMILY = "1,2";
			};
			name = Debug;
		};
		048CA6A82886E592009EDBE1 /* Release */ = {
			isa = XCBuildConfiguration;
			buildSettings = {
				ASSETCATALOG_COMPILER_APPICON_NAME = AppIcon;
				ASSETCATALOG_COMPILER_GLOBAL_ACCENT_COLOR_NAME = AccentColor;
				CODE_SIGN_STYLE = Automatic;
				CURRENT_PROJECT_VERSION = 1;
				DEVELOPMENT_ASSET_PATHS = "\"GithubUser/Preview Content\"";
				DEVELOPMENT_TEAM = HALMJPKBVW;
				ENABLE_PREVIEWS = YES;
				GENERATE_INFOPLIST_FILE = YES;
				INFOPLIST_KEY_UIApplicationSceneManifest_Generation = YES;
				INFOPLIST_KEY_UIApplicationSupportsIndirectInputEvents = YES;
				INFOPLIST_KEY_UILaunchScreen_Generation = YES;
				INFOPLIST_KEY_UISupportedInterfaceOrientations_iPad = "UIInterfaceOrientationPortrait UIInterfaceOrientationPortraitUpsideDown UIInterfaceOrientationLandscapeLeft UIInterfaceOrientationLandscapeRight";
				INFOPLIST_KEY_UISupportedInterfaceOrientations_iPhone = "UIInterfaceOrientationPortrait UIInterfaceOrientationLandscapeLeft UIInterfaceOrientationLandscapeRight";
				LD_RUNPATH_SEARCH_PATHS = (
					"$(inherited)",
					"@executable_path/Frameworks",
				);
				MARKETING_VERSION = 1.0;
				PRODUCT_BUNDLE_IDENTIFIER = opentext.GithubUser;
				PRODUCT_NAME = "$(TARGET_NAME)";
				SWIFT_EMIT_LOC_STRINGS = YES;
				SWIFT_VERSION = 5.0;
				TARGETED_DEVICE_FAMILY = "1,2";
			};
			name = Release;
		};
		048CA6AA2886E592009EDBE1 /* Debug */ = {
			isa = XCBuildConfiguration;
			buildSettings = {
				ALWAYS_EMBED_SWIFT_STANDARD_LIBRARIES = YES;
				BUNDLE_LOADER = "$(TEST_HOST)";
				CODE_SIGN_STYLE = Automatic;
				CURRENT_PROJECT_VERSION = 1;
				DEVELOPMENT_TEAM = HALMJPKBVW;
				GENERATE_INFOPLIST_FILE = YES;
				IPHONEOS_DEPLOYMENT_TARGET = 15.5;
				MARKETING_VERSION = 1.0;
				PRODUCT_BUNDLE_IDENTIFIER = opentext.GithubUserTests;
				PRODUCT_NAME = "$(TARGET_NAME)";
				SWIFT_EMIT_LOC_STRINGS = NO;
				SWIFT_VERSION = 5.0;
				TARGETED_DEVICE_FAMILY = "1,2";
				TEST_HOST = "$(BUILT_PRODUCTS_DIR)/GithubUser.app/GithubUser";
			};
			name = Debug;
		};
		048CA6AB2886E592009EDBE1 /* Release */ = {
			isa = XCBuildConfiguration;
			buildSettings = {
				ALWAYS_EMBED_SWIFT_STANDARD_LIBRARIES = YES;
				BUNDLE_LOADER = "$(TEST_HOST)";
				CODE_SIGN_STYLE = Automatic;
				CURRENT_PROJECT_VERSION = 1;
				DEVELOPMENT_TEAM = HALMJPKBVW;
				GENERATE_INFOPLIST_FILE = YES;
				IPHONEOS_DEPLOYMENT_TARGET = 15.5;
				MARKETING_VERSION = 1.0;
				PRODUCT_BUNDLE_IDENTIFIER = opentext.GithubUserTests;
				PRODUCT_NAME = "$(TARGET_NAME)";
				SWIFT_EMIT_LOC_STRINGS = NO;
				SWIFT_VERSION = 5.0;
				TARGETED_DEVICE_FAMILY = "1,2";
				TEST_HOST = "$(BUILT_PRODUCTS_DIR)/GithubUser.app/GithubUser";
			};
			name = Release;
		};
		048CA6AD2886E592009EDBE1 /* Debug */ = {
			isa = XCBuildConfiguration;
			buildSettings = {
				ALWAYS_EMBED_SWIFT_STANDARD_LIBRARIES = YES;
				CODE_SIGN_STYLE = Automatic;
				CURRENT_PROJECT_VERSION = 1;
				DEVELOPMENT_TEAM = HALMJPKBVW;
				GENERATE_INFOPLIST_FILE = YES;
				MARKETING_VERSION = 1.0;
				PRODUCT_BUNDLE_IDENTIFIER = opentext.GithubUserUITests;
				PRODUCT_NAME = "$(TARGET_NAME)";
				SWIFT_EMIT_LOC_STRINGS = NO;
				SWIFT_VERSION = 5.0;
				TARGETED_DEVICE_FAMILY = "1,2";
				TEST_TARGET_NAME = GithubUser;
			};
			name = Debug;
		};
		048CA6AE2886E592009EDBE1 /* Release */ = {
			isa = XCBuildConfiguration;
			buildSettings = {
				ALWAYS_EMBED_SWIFT_STANDARD_LIBRARIES = YES;
				CODE_SIGN_STYLE = Automatic;
				CURRENT_PROJECT_VERSION = 1;
				DEVELOPMENT_TEAM = HALMJPKBVW;
				GENERATE_INFOPLIST_FILE = YES;
				MARKETING_VERSION = 1.0;
				PRODUCT_BUNDLE_IDENTIFIER = opentext.GithubUserUITests;
				PRODUCT_NAME = "$(TARGET_NAME)";
				SWIFT_EMIT_LOC_STRINGS = NO;
				SWIFT_VERSION = 5.0;
				TARGETED_DEVICE_FAMILY = "1,2";
				TEST_TARGET_NAME = GithubUser;
			};
			name = Release;
		};
/* End XCBuildConfiguration section */

/* Begin XCConfigurationList section */
		048CA67D2886E58D009EDBE1 /* Build configuration list for PBXProject "GithubUser" */ = {
			isa = XCConfigurationList;
			buildConfigurations = (
				048CA6A42886E592009EDBE1 /* Debug */,
				048CA6A52886E592009EDBE1 /* Release */,
			);
			defaultConfigurationIsVisible = 0;
			defaultConfigurationName = Release;
		};
		048CA6A62886E592009EDBE1 /* Build configuration list for PBXNativeTarget "GithubUser" */ = {
			isa = XCConfigurationList;
			buildConfigurations = (
				048CA6A72886E592009EDBE1 /* Debug */,
				048CA6A82886E592009EDBE1 /* Release */,
			);
			defaultConfigurationIsVisible = 0;
			defaultConfigurationName = Release;
		};
		048CA6A92886E592009EDBE1 /* Build configuration list for PBXNativeTarget "GithubUserTests" */ = {
			isa = XCConfigurationList;
			buildConfigurations = (
				048CA6AA2886E592009EDBE1 /* Debug */,
				048CA6AB2886E592009EDBE1 /* Release */,
			);
			defaultConfigurationIsVisible = 0;
			defaultConfigurationName = Release;
		};
		048CA6AC2886E592009EDBE1 /* Build configuration list for PBXNativeTarget "GithubUserUITests" */ = {
			isa = XCConfigurationList;
			buildConfigurations = (
				048CA6AD2886E592009EDBE1 /* Debug */,
				048CA6AE2886E592009EDBE1 /* Release */,
			);
			defaultConfigurationIsVisible = 0;
			defaultConfigurationName = Release;
		};
/* End XCConfigurationList section */
	};
	rootObject = 048CA67A2886E58D009EDBE1 /* Project object */;
}
